
Microsoft Visual Studio Solution File, Format Version 12.00
# Visual Studio Version 17
VisualStudioVersion = 17.14.37111.16 d17.14
MinimumVisualStudioVersion = 10.0.40219.1
Project("{FAE04EC0-301F-11D3-BF4B-00C04F79EFBC}") = "netcoreMVC", "netcoreMVC\netcoreMVC.csproj", "{EA623A83-6E4A-42DF-90B8-7E4B23CDB93F}"
EndProject
Global
	GlobalSection(SolutionConfigurationPlatforms) = preSolution
		Debug|Any CPU = Debug|Any CPU
		Release|Any CPU = Release|Any CPU
	EndGlobalSection
	GlobalSection(ProjectConfigurationPlatforms) = postSolution
		{EA623A83-6E4A-42DF-90B8-7E4B23CDB93F}.Debug|Any CPU.ActiveCfg = Debug|Any CPU
		{EA623A83-6E4A-42DF-90B8-7E4B23CDB93F}.Debug|Any CPU.Build.0 = Debug|Any CPU
		{EA623A83-6E4A-42DF-90B8-7E4B23CDB93F}.Release|Any CPU.ActiveCfg = Release|Any CPU
		{EA623A83-6E4A-42DF-90B8-7E4B23CDB93F}.Release|Any CPU.Build.0 = Release|Any CPU
	EndGlobalSection
	GlobalSection(SolutionProperties) = preSolution
		HideSolutionNode = FALSE
	EndGlobalSection
	GlobalSection(ExtensibilityGlobals) = postSolution
		SolutionGuid = {64EE13DF-A374-4148-9D5D-0331AA888928}
	EndGlobalSection
EndGlobal
